
Microsoft Visual Studio Solution File, Format Version 12.00
# Visual Studio 15
VisualStudioVersion = 15.0.27130.2027
MinimumVisualStudioVersion = 10.0.40219.1
Project("{8BC9CEB8-8B4A-11D0-8D11-00A0C91BC942}") = "CH02", "0212-1\0212-1.vcxproj", "{63CAAE17-15CC-4C52-82B6-82041A263D05}"
EndProject
Project("{8BC9CEB8-8B4A-11D0-8D11-00A0C91BC942}") = "CH03", "CH3\CH3.vcxproj", "{73BB3867-BE63-4EE9-9531-FFB549B31BF1}"
EndProject
Project("{8BC9CEB8-8B4A-11D0-8D11-00A0C91BC942}") = "_0308_Work", "_0308_Work\_0308_Work.vcxproj", "{638DE2AC-4DF6-47D2-86F6-E510C6D8D4FB}"
EndProject
Project("{8BC9CEB8-8B4A-11D0-8D11-00A0C91BC942}") = "CH04", "CH$\CH$.vcxproj", "{A8C736D0-6466-441B-826F-024867B7799F}"
EndProject
Project("{8BC9CEB8-8B4A-11D0-8D11-00A0C91BC942}") = "_0320_Work", "_0320_Work\_0320_Work.vcxproj", "{0C66F980-5A55-468C-A7E5-B48E191F81CC}"
EndProject
Project("{8BC9CEB8-8B4A-11D0-8D11-00A0C91BC942}") = "CH05", "CH5\CH5.vcxproj", "{2688D4F0-25C3-4048-826A-232638C228AC}"
EndProject
Project("{8BC9CEB8-8B4A-11D0-8D11-00A0C91BC942}") = "_0329_Work", "_0329_Work\_0329_Work.vcxproj", "{036F7F89-C55E-4B26-BB78-F16F004127F7}"
EndProject
Project("{8BC9CEB8-8B4A-11D0-8D11-00A0C91BC942}") = "CH06", "CH6\CH6.vcxproj", "{5BC2AB8D-9CED-4F3A-9385-5C5687BD9C27}"
EndProject
Project("{8BC9CEB8-8B4A-11D0-8D11-00A0C91BC942}") = "_0420_Work", "_0420_Work\_0420_Work.vcxproj", "{05B5F787-6E80-4D14-B928-A591B5A1BFFE}"
EndProject
Project("{8BC9CEB8-8B4A-11D0-8D11-00A0C91BC942}") = "CH07", "CH7\CH7.vcxproj", "{B1EE46F4-9D30-418F-9D6E-D47F70024268}"
EndProject
Project("{8BC9CEB8-8B4A-11D0-8D11-00A0C91BC942}") = "_0423_Work", "_0423_Work\_0423_Work.vcxproj", "{8AF36B4C-F39A-4F35-9F41-0569806420B2}"
EndProject
Project("{8BC9CEB8-8B4A-11D0-8D11-00A0C91BC942}") = "CH08", "CH8\CH8.vcxproj", "{29DB44AB-E277-4D51-B435-7F867900B938}"
EndProject
Project("{8BC9CEB8-8B4A-11D0-8D11-00A0C91BC942}") = "CH09", "_0517_\_0517_.vcxproj", "{322266AA-3B25-4742-93BD-55F488695C22}"
EndProject
Project("{8BC9CEB8-8B4A-11D0-8D11-00A0C91BC942}") = "CH10", "CH10\CH10.vcxproj", "{562040EF-291C-449B-9E35-6F049963321F}"
EndProject
Project("{8BC9CEB8-8B4A-11D0-8D11-00A0C91BC942}") = "_0531_", "_0531_\_0531_.vcxproj", "{3D73CE8C-BD24-48D6-8005-0EEA3945C247}"
EndProject
Project("{8BC9CEB8-8B4A-11D0-8D11-00A0C91BC942}") = "_0603_Work", "_0603_Work\_0603_Work.vcxproj", "{1A7CF5BA-037C-4662-B478-E21685F9F99C}"
EndProject
Project("{8BC9CEB8-8B4A-11D0-8D11-00A0C91BC942}") = "CH15", "CH16\CH16.vcxproj", "{44BEEF10-EE7A-4ABE-A5D4-351E73B23518}"
EndProject
Project("{8BC9CEB8-8B4A-11D0-8D11-00A0C91BC942}") = "_0607_Test", "_0607_Test\_0607_Test.vcxproj", "{825A5514-C793-4934-BDF7-880E2678B091}"
EndProject
Project("{8BC9CEB8-8B4A-11D0-8D11-00A0C91BC942}") = "_0712_", "_0712_\_0712_.vcxproj", "{9C1EE37F-3B48-44C9-9170-1EDDF42B7F3E}"
EndProject
Global
	GlobalSection(SolutionConfigurationPlatforms) = preSolution
		Debug|x64 = Debug|x64
		Debug|x86 = Debug|x86
		Release|x64 = Release|x64
		Release|x86 = Release|x86
	EndGlobalSection
	GlobalSection(ProjectConfigurationPlatforms) = postSolution
		{63CAAE17-15CC-4C52-82B6-82041A263D05}.Debug|x64.ActiveCfg = Debug|x64
		{63CAAE17-15CC-4C52-82B6-82041A263D05}.Debug|x64.Build.0 = Debug|x64
		{63CAAE17-15CC-4C52-82B6-82041A263D05}.Debug|x86.ActiveCfg = Debug|Win32
		{63CAAE17-15CC-4C52-82B6-82041A263D05}.Debug|x86.Build.0 = Debug|Win32
		{63CAAE17-15CC-4C52-82B6-82041A263D05}.Release|x64.ActiveCfg = Release|x64
		{63CAAE17-15CC-4C52-82B6-82041A263D05}.Release|x64.Build.0 = Release|x64
		{63CAAE17-15CC-4C52-82B6-82041A263D05}.Release|x86.ActiveCfg = Release|Win32
		{63CAAE17-15CC-4C52-82B6-82041A263D05}.Release|x86.Build.0 = Release|Win32
		{73BB3867-BE63-4EE9-9531-FFB549B31BF1}.Debug|x64.ActiveCfg = Debug|x64
		{73BB3867-BE63-4EE9-9531-FFB549B31BF1}.Debug|x64.Build.0 = Debug|x64
		{73BB3867-BE63-4EE9-9531-FFB549B31BF1}.Debug|x86.ActiveCfg = Debug|Win32
		{73BB3867-BE63-4EE9-9531-FFB549B31BF1}.Debug|x86.Build.0 = Debug|Win32
		{73BB3867-BE63-4EE9-9531-FFB549B31BF1}.Release|x64.ActiveCfg = Release|x64
		{73BB3867-BE63-4EE9-9531-FFB549B31BF1}.Release|x64.Build.0 = Release|x64
		{73BB3867-BE63-4EE9-9531-FFB549B31BF1}.Release|x86.ActiveCfg = Release|Win32
		{73BB3867-BE63-4EE9-9531-FFB549B31BF1}.Release|x86.Build.0 = Release|Win32
		{638DE2AC-4DF6-47D2-86F6-E510C6D8D4FB}.Debug|x64.ActiveCfg = Debug|x64
		{638DE2AC-4DF6-47D2-86F6-E510C6D8D4FB}.Debug|x64.Build.0 = Debug|x64
		{638DE2AC-4DF6-47D2-86F6-E510C6D8D4FB}.Debug|x86.ActiveCfg = Debug|Win32
		{638DE2AC-4DF6-47D2-86F6-E510C6D8D4FB}.Debug|x86.Build.0 = Debug|Win32
		{638DE2AC-4DF6-47D2-86F6-E510C6D8D4FB}.Release|x64.ActiveCfg = Release|x64
		{638DE2AC-4DF6-47D2-86F6-E510C6D8D4FB}.Release|x64.Build.0 = Release|x64
		{638DE2AC-4DF6-47D2-86F6-E510C6D8D4FB}.Release|x86.ActiveCfg = Release|Win32
		{638DE2AC-4DF6-47D2-86F6-E510C6D8D4FB}.Release|x86.Build.0 = Release|Win32
		{A8C736D0-6466-441B-826F-024867B7799F}.Debug|x64.ActiveCfg = Debug|x64
		{A8C736D0-6466-441B-826F-024867B7799F}.Debug|x64.Build.0 = Debug|x64
		{A8C736D0-6466-441B-826F-024867B7799F}.Debug|x86.ActiveCfg = Debug|Win32
		{A8C736D0-6466-441B-826F-024867B7799F}.Debug|x86.Build.0 = Debug|Win32
		{A8C736D0-6466-441B-826F-024867B7799F}.Release|x64.ActiveCfg = Release|x64
		{A8C736D0-6466-441B-826F-024867B7799F}.Release|x64.Build.0 = Release|x64
		{A8C736D0-6466-441B-826F-024867B7799F}.Release|x86.ActiveCfg = Release|Win32
		{A8C736D0-6466-441B-826F-024867B7799F}.Release|x86.Build.0 = Release|Win32
		{0C66F980-5A55-468C-A7E5-B48E191F81CC}.Debug|x64.ActiveCfg = Debug|x64
		{0C66F980-5A55-468C-A7E5-B48E191F81CC}.Debug|x64.Build.0 = Debug|x64
		{0C66F980-5A55-468C-A7E5-B48E191F81CC}.Debug|x86.ActiveCfg = Debug|Win32
		{0C66F980-5A55-468C-A7E5-B48E191F81CC}.Debug|x86.Build.0 = Debug|Win32
		{0C66F980-5A55-468C-A7E5-B48E191F81CC}.Release|x64.ActiveCfg = Release|x64
		{0C66F980-5A55-468C-A7E5-B48E191F81CC}.Release|x64.Build.0 = Release|x64
		{0C66F980-5A55-468C-A7E5-B48E191F81CC}.Release|x86.ActiveCfg = Release|Win32
		{0C66F980-5A55-468C-A7E5-B48E191F81CC}.Release|x86.Build.0 = Release|Win32
		{2688D4F0-25C3-4048-826A-232638C228AC}.Debug|x64.ActiveCfg = Debug|x64
		{2688D4F0-25C3-4048-826A-232638C228AC}.Debug|x64.Build.0 = Debug|x64
		{2688D4F0-25C3-4048-826A-232638C228AC}.Debug|x86.ActiveCfg = Debug|Win32
		{2688D4F0-25C3-4048-826A-232638C228AC}.Debug|x86.Build.0 = Debug|Win32
		{2688D4F0-25C3-4048-826A-232638C228AC}.Release|x64.ActiveCfg = Release|x64
		{2688D4F0-25C3-4048-826A-232638C228AC}.Release|x64.Build.0 = Release|x64
		{2688D4F0-25C3-4048-826A-232638C228AC}.Release|x86.ActiveCfg = Release|Win32
		{2688D4F0-25C3-4048-826A-232638C228AC}.Release|x86.Build.0 = Release|Win32
		{036F7F89-C55E-4B26-BB78-F16F004127F7}.Debug|x64.ActiveCfg = Debug|x64
		{036F7F89-C55E-4B26-BB78-F16F004127F7}.Debug|x64.Build.0 = Debug|x64
		{036F7F89-C55E-4B26-BB78-F16F004127F7}.Debug|x86.ActiveCfg = Debug|Win32
		{036F7F89-C55E-4B26-BB78-F16F004127F7}.Debug|x86.Build.0 = Debug|Win32
		{036F7F89-C55E-4B26-BB78-F16F004127F7}.Release|x64.ActiveCfg = Release|x64
		{036F7F89-C55E-4B26-BB78-F16F004127F7}.Release|x64.Build.0 = Release|x64
		{036F7F89-C55E-4B26-BB78-F16F004127F7}.Release|x86.ActiveCfg = Release|Win32
		{036F7F89-C55E-4B26-BB78-F16F004127F7}.Release|x86.Build.0 = Release|Win32
		{5BC2AB8D-9CED-4F3A-9385-5C5687BD9C27}.Debug|x64.ActiveCfg = Debug|x64
		{5BC2AB8D-9CED-4F3A-9385-5C5687BD9C27}.Debug|x64.Build.0 = Debug|x64
		{5BC2AB8D-9CED-4F3A-9385-5C5687BD9C27}.Debug|x86.ActiveCfg = Debug|Win32
		{5BC2AB8D-9CED-4F3A-9385-5C5687BD9C27}.Debug|x86.Build.0 = Debug|Win32
		{5BC2AB8D-9CED-4F3A-9385-5C5687BD9C27}.Release|x64.ActiveCfg = Release|x64
		{5BC2AB8D-9CED-4F3A-9385-5C5687BD9C27}.Release|x64.Build.0 = Release|x64
		{5BC2AB8D-9CED-4F3A-9385-5C5687BD9C27}.Release|x86.ActiveCfg = Release|Win32
		{5BC2AB8D-9CED-4F3A-9385-5C5687BD9C27}.Release|x86.Build.0 = Release|Win32
		{05B5F787-6E80-4D14-B928-A591B5A1BFFE}.Debug|x64.ActiveCfg = Debug|x64
		{05B5F787-6E80-4D14-B928-A591B5A1BFFE}.Debug|x64.Build.0 = Debug|x64
		{05B5F787-6E80-4D14-B928-A591B5A1BFFE}.Debug|x86.ActiveCfg = Debug|Win32
		{05B5F787-6E80-4D14-B928-A591B5A1BFFE}.Debug|x86.Build.0 = Debug|Win32
		{05B5F787-6E80-4D14-B928-A591B5A1BFFE}.Release|x64.ActiveCfg = Release|x64
		{05B5F787-6E80-4D14-B928-A591B5A1BFFE}.Release|x64.Build.0 = Release|x64
		{05B5F787-6E80-4D14-B928-A591B5A1BFFE}.Release|x86.ActiveCfg = Release|Win32
		{05B5F787-6E80-4D14-B928-A591B5A1BFFE}.Release|x86.Build.0 = Release|Win32
		{B1EE46F4-9D30-418F-9D6E-D47F70024268}.Debug|x64.ActiveCfg = Debug|x64
		{B1EE46F4-9D30-418F-9D6E-D47F70024268}.Debug|x64.Build.0 = Debug|x64
		{B1EE46F4-9D30-418F-9D6E-D47F70024268}.Debug|x86.ActiveCfg = Debug|Win32
		{B1EE46F4-9D30-418F-9D6E-D47F70024268}.Debug|x86.Build.0 = Debug|Win32
		{B1EE46F4-9D30-418F-9D6E-D47F70024268}.Release|x64.ActiveCfg = Release|x64
		{B1EE46F4-9D30-418F-9D6E-D47F70024268}.Release|x64.Build.0 = Release|x64
		{B1EE46F4-9D30-418F-9D6E-D47F70024268}.Release|x86.ActiveCfg = Release|Win32
		{B1EE46F4-9D30-418F-9D6E-D47F70024268}.Release|x86.Build.0 = Release|Win32
		{8AF36B4C-F39A-4F35-9F41-0569806420B2}.Debug|x64.ActiveCfg = Debug|x64
		{8AF36B4C-F39A-4F35-9F41-0569806420B2}.Debug|x64.Build.0 = Debug|x64
		{8AF36B4C-F39A-4F35-9F41-0569806420B2}.Debug|x86.ActiveCfg = Debug|Win32
		{8AF36B4C-F39A-4F35-9F41-0569806420B2}.Debug|x86.Build.0 = Debug|Win32
		{8AF36B4C-F39A-4F35-9F41-0569806420B2}.Release|x64.ActiveCfg = Release|x64
		{8AF36B4C-F39A-4F35-9F41-0569806420B2}.Release|x64.Build.0 = Release|x64
		{8AF36B4C-F39A-4F35-9F41-0569806420B2}.Release|x86.ActiveCfg = Release|Win32
		{8AF36B4C-F39A-4F35-9F41-0569806420B2}.Release|x86.Build.0 = Release|Win32
		{29DB44AB-E277-4D51-B435-7F867900B938}.Debug|x64.ActiveCfg = Debug|x64
		{29DB44AB-E277-4D51-B435-7F867900B938}.Debug|x64.Build.0 = Debug|x64
		{29DB44AB-E277-4D51-B435-7F867900B938}.Debug|x86.ActiveCfg = Debug|Win32
		{29DB44AB-E277-4D51-B435-7F867900B938}.Debug|x86.Build.0 = Debug|Win32
		{29DB44AB-E277-4D51-B435-7F867900B938}.Release|x64.ActiveCfg = Release|x64
		{29DB44AB-E277-4D51-B435-7F867900B938}.Release|x64.Build.0 = Release|x64
		{29DB44AB-E277-4D51-B435-7F867900B938}.Release|x86.ActiveCfg = Release|Win32
		{29DB44AB-E277-4D51-B435-7F867900B938}.Release|x86.Build.0 = Release|Win32
		{322266AA-3B25-4742-93BD-55F488695C22}.Debug|x64.ActiveCfg = Debug|x64
		{322266AA-3B25-4742-93BD-55F488695C22}.Debug|x64.Build.0 = Debug|x64
		{322266AA-3B25-4742-93BD-55F488695C22}.Debug|x86.ActiveCfg = Debug|Win32
		{322266AA-3B25-4742-93BD-55F488695C22}.Debug|x86.Build.0 = Debug|Win32
		{322266AA-3B25-4742-93BD-55F488695C22}.Release|x64.ActiveCfg = Release|x64
		{322266AA-3B25-4742-93BD-55F488695C22}.Release|x64.Build.0 = Release|x64
		{322266AA-3B25-4742-93BD-55F488695C22}.Release|x86.ActiveCfg = Release|Win32
		{322266AA-3B25-4742-93BD-55F488695C22}.Release|x86.Build.0 = Release|Win32
		{562040EF-291C-449B-9E35-6F049963321F}.Debug|x64.ActiveCfg = Debug|x64
		{562040EF-291C-449B-9E35-6F049963321F}.Debug|x64.Build.0 = Debug|x64
		{562040EF-291C-449B-9E35-6F049963321F}.Debug|x86.ActiveCfg = Debug|Win32
		{562040EF-291C-449B-9E35-6F049963321F}.Debug|x86.Build.0 = Debug|Win32
		{562040EF-291C-449B-9E35-6F049963321F}.Release|x64.ActiveCfg = Release|x64
		{562040EF-291C-449B-9E35-6F049963321F}.Release|x64.Build.0 = Release|x64
		{562040EF-291C-449B-9E35-6F049963321F}.Release|x86.ActiveCfg = Release|Win32
		{562040EF-291C-449B-9E35-6F049963321F}.Release|x86.Build.0 = Release|Win32
		{3D73CE8C-BD24-48D6-8005-0EEA3945C247}.Debug|x64.ActiveCfg = Debug|x64
		{3D73CE8C-BD24-48D6-8005-0EEA3945C247}.Debug|x64.Build.0 = Debug|x64
		{3D73CE8C-BD24-48D6-8005-0EEA3945C247}.Debug|x86.ActiveCfg = Debug|Win32
		{3D73CE8C-BD24-48D6-8005-0EEA3945C247}.Debug|x86.Build.0 = Debug|Win32
		{3D73CE8C-BD24-48D6-8005-0EEA3945C247}.Release|x64.ActiveCfg = Release|x64
		{3D73CE8C-BD24-48D6-8005-0EEA3945C247}.Release|x64.Build.0 = Release|x64
		{3D73CE8C-BD24-48D6-8005-0EEA3945C247}.Release|x86.ActiveCfg = Release|Win32
		{3D73CE8C-BD24-48D6-8005-0EEA3945C247}.Release|x86.Build.0 = Release|Win32
		{1A7CF5BA-037C-4662-B478-E21685F9F99C}.Debug|x64.ActiveCfg = Debug|x64
		{1A7CF5BA-037C-4662-B478-E21685F9F99C}.Debug|x64.Build.0 = Debug|x64
		{1A7CF5BA-037C-4662-B478-E21685F9F99C}.Debug|x86.ActiveCfg = Debug|Win32
		{1A7CF5BA-037C-4662-B478-E21685F9F99C}.Debug|x86.Build.0 = Debug|Win32
		{1A7CF5BA-037C-4662-B478-E21685F9F99C}.Release|x64.ActiveCfg = Release|x64
		{1A7CF5BA-037C-4662-B478-E21685F9F99C}.Release|x64.Build.0 = Release|x64
		{1A7CF5BA-037C-4662-B478-E21685F9F99C}.Release|x86.ActiveCfg = Release|Win32
		{1A7CF5BA-037C-4662-B478-E21685F9F99C}.Release|x86.Build.0 = Release|Win32
		{44BEEF10-EE7A-4ABE-A5D4-351E73B23518}.Debug|x64.ActiveCfg = Debug|x64
		{44BEEF10-EE7A-4ABE-A5D4-351E73B23518}.Debug|x64.Build.0 = Debug|x64
		{44BEEF10-EE7A-4ABE-A5D4-351E73B23518}.Debug|x86.ActiveCfg = Debug|Win32
		{44BEEF10-EE7A-4ABE-A5D4-351E73B23518}.Debug|x86.Build.0 = Debug|Win32
		{44BEEF10-EE7A-4ABE-A5D4-351E73B23518}.Release|x64.ActiveCfg = Release|x64
		{44BEEF10-EE7A-4ABE-A5D4-351E73B23518}.Release|x64.Build.0 = Release|x64
		{44BEEF10-EE7A-4ABE-A5D4-351E73B23518}.Release|x86.ActiveCfg = Release|Win32
		{44BEEF10-EE7A-4ABE-A5D4-351E73B23518}.Release|x86.Build.0 = Release|Win32
		{825A5514-C793-4934-BDF7-880E2678B091}.Debug|x64.ActiveCfg = Debug|x64
		{825A5514-C793-4934-BDF7-880E2678B091}.Debug|x64.Build.0 = Debug|x64
		{825A5514-C793-4934-BDF7-880E2678B091}.Debug|x86.ActiveCfg = Debug|Win32
		{825A5514-C793-4934-BDF7-880E2678B091}.Debug|x86.Build.0 = Debug|Win32
		{825A5514-C793-4934-BDF7-880E2678B091}.Release|x64.ActiveCfg = Release|x64
		{825A5514-C793-4934-BDF7-880E2678B091}.Release|x64.Build.0 = Release|x64
		{825A5514-C793-4934-BDF7-880E2678B091}.Release|x86.ActiveCfg = Release|Win32
		{825A5514-C793-4934-BDF7-880E2678B091}.Release|x86.Build.0 = Release|Win32
		{9C1EE37F-3B48-44C9-9170-1EDDF42B7F3E}.Debug|x64.ActiveCfg = Debug|x64
		{9C1EE37F-3B48-44C9-9170-1EDDF42B7F3E}.Debug|x64.Build.0 = Debug|x64
		{9C1EE37F-3B48-44C9-9170-1EDDF42B7F3E}.Debug|x86.ActiveCfg = Debug|Win32
		{9C1EE37F-3B48-44C9-9170-1EDDF42B7F3E}.Debug|x86.Build.0 = Debug|Win32
		{9C1EE37F-3B48-44C9-9170-1EDDF42B7F3E}.Release|x64.ActiveCfg = Release|x64
		{9C1EE37F-3B48-44C9-9170-1EDDF42B7F3E}.Release|x64.Build.0 = Release|x64
		{9C1EE37F-3B48-44C9-9170-1EDDF42B7F3E}.Release|x86.ActiveCfg = Release|Win32
		{9C1EE37F-3B48-44C9-9170-1EDDF42B7F3E}.Release|x86.Build.0 = Release|Win32
	EndGlobalSection
	GlobalSection(SolutionProperties) = preSolution
		HideSolutionNode = FALSE
	EndGlobalSection
	GlobalSection(ExtensibilityGlobals) = postSolution
		SolutionGuid = {33F20606-1F6D-4804-A8F3-2C0029998C1C}
	EndGlobalSection
EndGlobal
